Microsoft Visual Studio Solution File, Format Version 12.00
# Visual Studio Version 17
VisualStudioVersion = 17.5.2.0
MinimumVisualStudioVersion = 10.0.40219.1
Project("{FAE04EC0-301F-11D3-BF4B-00C04F79EFBC}") = "TimeConversion", "TimeConversion.csproj", "{2FEAE0B5-17C3-44C8-7A1E-9B80F036D894}"
EndProject
Global
	GlobalSection(SolutionConfigurationPlatforms) = preSolution
		Debug|Any CPU = Debug|Any CPU
		Release|Any CPU = Release|Any CPU
	EndGlobalSection
	GlobalSection(ProjectConfigurationPlatforms) = postSolution
		{2FEAE0B5-17C3-44C8-7A1E-9B80F036D894}.Debug|Any CPU.ActiveCfg = Debug|Any CPU
		{2FEAE0B5-17C3-44C8-7A1E-9B80F036D894}.Debug|Any CPU.Build.0 = Debug|Any CPU
		{2FEAE0B5-17C3-44C8-7A1E-9B80F036D894}.Release|Any CPU.ActiveCfg = Release|Any CPU
		{2FEAE0B5-17C3-44C8-7A1E-9B80F036D894}.Release|Any CPU.Build.0 = Release|Any CPU
	EndGlobalSection
	GlobalSection(SolutionProperties) = preSolution
		HideSolutionNode = FALSE
	EndGlobalSection
	GlobalSection(ExtensibilityGlobals) = postSolution
		SolutionGuid = {16796290-9A8A-49F6-894C-0274CA65ED7F}
	EndGlobalSection
EndGlobal
